
Microsoft Visual Studio Solution File, Format Version 12.00
# Visual Studio 15
VisualStudioVersion = 15.0.27703.2042
MinimumVisualStudioVersion = 10.0.40219.1
Project("{9A19103F-16F7-4668-BE54-9A1E7A4F7556}") = "FactoryPattern", "FactoryPattern\FactoryPattern.csproj", "{93D2E3BD-5D5B-4D49-9EBE-0ADA179693BB}"
EndProject
Global
	GlobalSection(SolutionConfigurationPlatforms) = preSolution
		Debug|Any CPU = Debug|Any CPU
		Release|Any CPU = Release|Any CPU
	EndGlobalSection
	GlobalSection(ProjectConfigurationPlatforms) = postSolution
		{93D2E3BD-5D5B-4D49-9EBE-0ADA179693BB}.Debug|Any CPU.ActiveCfg = Debug|Any CPU
		{93D2E3BD-5D5B-4D49-9EBE-0ADA179693BB}.Debug|Any CPU.Build.0 = Debug|Any CPU
		{93D2E3BD-5D5B-4D49-9EBE-0ADA179693BB}.Release|Any CPU.ActiveCfg = Release|Any CPU
		{93D2E3BD-5D5B-4D49-9EBE-0ADA179693BB}.Release|Any CPU.Build.0 = Release|Any CPU
	EndGlobalSection
	GlobalSection(SolutionProperties) = preSolution
		HideSolutionNode = FALSE
	EndGlobalSection
	GlobalSection(ExtensibilityGlobals) = postSolution
		SolutionGuid = {0EB6BE52-11E7-46CC-BD87-1149610E740F}
	EndGlobalSection
EndGlobal
